
Microsoft Visual Studio Solution File, Format Version 12.00
# Visual Studio Version 16
VisualStudioVersion = 16.0.31702.278
MinimumVisualStudioVersion = 10.0.40219.1
Project("{FAE04EC0-301F-11D3-BF4B-00C04F79EFBC}") = "Musala.Drones.ApiHost", "Musala.Drones.ApiHost\Musala.Drones.ApiHost.csproj", "{29A6FDE6-FFE3-419A-9DBB-B0CE5B28C60D}"
EndProject
Global
	GlobalSection(SolutionConfigurationPlatforms) = preSolution
		Debug|Any CPU = Debug|Any CPU
		Release|Any CPU = Release|Any CPU
	EndGlobalSection
	GlobalSection(ProjectConfigurationPlatforms) = postSolution
		{29A6FDE6-FFE3-419A-9DBB-B0CE5B28C60D}.Debug|Any CPU.ActiveCfg = Debug|Any CPU
		{29A6FDE6-FFE3-419A-9DBB-B0CE5B28C60D}.Debug|Any CPU.Build.0 = Debug|Any CPU
		{29A6FDE6-FFE3-419A-9DBB-B0CE5B28C60D}.Release|Any CPU.ActiveCfg = Release|Any CPU
		{29A6FDE6-FFE3-419A-9DBB-B0CE5B28C60D}.Release|Any CPU.Build.0 = Release|Any CPU
	EndGlobalSection
	GlobalSection(SolutionProperties) = preSolution
		HideSolutionNode = FALSE
	EndGlobalSection
	GlobalSection(ExtensibilityGlobals) = postSolution
		SolutionGuid = {33FF48AE-2091-4787-9969-3D741C828C89}
	EndGlobalSection
EndGlobal
